
Microsoft Visual Studio Solution File, Format Version 12.00
# Visual Studio Version 17
VisualStudioVersion = 17.7.34031.279
MinimumVisualStudioVersion = 10.0.40219.1
Project("{FAE04EC0-301F-11D3-BF4B-00C04F79EFBC}") = "SayiKontrolUygulamasi", "SayiKontrolUygulamasi.csproj", "{149067AD-2F13-4A71-87E2-B7153309CCAA}"
EndProject
Global
	GlobalSection(SolutionConfigurationPlatforms) = preSolution
		Debug|Any CPU = Debug|Any CPU
		Release|Any CPU = Release|Any CPU
	EndGlobalSection
	GlobalSection(ProjectConfigurationPlatforms) = postSolution
		{149067AD-2F13-4A71-87E2-B7153309CCAA}.Debug|Any CPU.ActiveCfg = Debug|Any CPU
		{149067AD-2F13-4A71-87E2-B7153309CCAA}.Debug|Any CPU.Build.0 = Debug|Any CPU
		{149067AD-2F13-4A71-87E2-B7153309CCAA}.Release|Any CPU.ActiveCfg = Release|Any CPU
		{149067AD-2F13-4A71-87E2-B7153309CCAA}.Release|Any CPU.Build.0 = Release|Any CPU
	EndGlobalSection
	GlobalSection(SolutionProperties) = preSolution
		HideSolutionNode = FALSE
	EndGlobalSection
	GlobalSection(ExtensibilityGlobals) = postSolution
		SolutionGuid = {34E87E95-3837-4A6C-9344-C8FAA81F2AD0}
	EndGlobalSection
EndGlobal
